{
  "name": "hello-world-wrapper",
  "lockfileVersion": 3,
  "requires": true,
  "packages": {
    "": {
      "dependencies": {
        "start-sdk": "git+https://github.com/Start9Labs/start-sdk.git#185e34bcd17e91820b6f3dbd6b5a42edc9428bbb"
      },
      "devDependencies": {
        "@vercel/ncc": "^0.36.1",
        "prettier": "^2.8.4",
        "typescript": "^4.9.5"
      }
    },
    "node_modules/@iarna/toml": {
      "version": "2.2.5",
      "resolved": "https://registry.npmjs.org/@iarna/toml/-/toml-2.2.5.tgz",
      "integrity": "sha512-trnsAYxU3xnS1gPHPyU961coFyLkh4gAD/0zQ5mymY4yOZ+CYvsPqUbOFSw0aDM4y0tV7tiFxL/1XfXPNC6IPg=="
    },
    "node_modules/@vercel/ncc": {
      "version": "0.36.1",
      "resolved": "https://registry.npmjs.org/@vercel/ncc/-/ncc-0.36.1.tgz",
      "integrity": "sha512-S4cL7Taa9yb5qbv+6wLgiKVZ03Qfkc4jGRuiUQMQ8HGBD5pcNRnHeYM33zBvJE4/zJGjJJ8GScB+WmTsn9mORw==",
      "dev": true,
      "bin": {
        "ncc": "dist/ncc/cli.js"
      }
    },
    "node_modules/prettier": {
      "version": "2.8.7",
      "resolved": "https://registry.npmjs.org/prettier/-/prettier-2.8.7.tgz",
      "integrity": "sha512-yPngTo3aXUUmyuTjeTUT75txrf+aMh9FiD7q9ZE/i6r0bPb22g4FsE6Y338PQX1bmfy08i9QQCB7/rcUAVntfw==",
      "dev": true,
      "bin": {
        "prettier": "bin-prettier.js"
      },
      "engines": {
        "node": ">=10.13.0"
      },
      "funding": {
        "url": "https://github.com/prettier/prettier?sponsor=1"
      }
    },
    "node_modules/start-sdk": {
      "version": "0.4.0-lib0.rc3",
      "resolved": "git+ssh://git@github.com/Start9Labs/start-sdk.git#185e34bcd17e91820b6f3dbd6b5a42edc9428bbb",
      "integrity": "sha512-/1fYxuSsCBsFz3vqjzr7pn9QjumVK4GURF2LeJ9FBud2t0e3hK2P0RmuqOXLLSvq69DEDxcWlQJjQN7IzTaCmw==",
      "license": "MIT",
      "dependencies": {
        "@iarna/toml": "^2.2.5",
        "ts-matches": "^5.4.1",
        "yaml": "^2.2.1"
      }
    },
    "node_modules/ts-matches": {
      "version": "5.4.1",
      "resolved": "https://registry.npmjs.org/ts-matches/-/ts-matches-5.4.1.tgz",
      "integrity": "sha512-kXrY75F0s0WD15N2bWKDScKlKgwnusN6dTRzGs1N7LlxQRnazrsBISC1HL4sy2adsyk65Zbx3Ui3IGN8leAFOQ=="
    },
    "node_modules/typescript": {
      "version": "4.9.5",
      "resolved": "https://registry.npmjs.org/typescript/-/typescript-4.9.5.tgz",
      "integrity": "sha512-1FXk9E2Hm+QzZQ7z+McJiHL4NW1F2EzMu9Nq9i3zAaGqibafqYwCVU6WyWAuyQRRzOlxou8xZSyXLEN8oKj24g==",
      "dev": true,
      "bin": {
        "tsc": "bin/tsc",
        "tsserver": "bin/tsserver"
      },
      "engines": {
        "node": ">=4.2.0"
      }
    },
    "node_modules/yaml": {
      "version": "2.2.1",
      "resolved": "https://registry.npmjs.org/yaml/-/yaml-2.2.1.tgz",
      "integrity": "sha512-e0WHiYql7+9wr4cWMx3TVQrNwejKaEe7/rHNmQmqRjazfOP5W8PB6Jpebb5o6fIapbz9o9+2ipcaTM2ZwDI6lw==",
      "engines": {
        "node": ">= 14"
      }
    }
  }
}
